{
  "nodes": {
    "home-manager": {
      "inputs": {
        "nixpkgs": [
          "nixpkgs"
        ]
      },
      "locked": {
        "lastModified": 1685189510,
        "narHash": "sha256-Hq5WF7zIixojPgvhgcd6MBvywwycVZ9wpK/8ogOyoaA=",
        "owner": "rycee",
        "repo": "home-manager",
        "rev": "2d963854ae2499193c0c72fd67435fee34d3e4fd",
        "type": "github"
      },
      "original": {
        "owner": "rycee",
        "ref": "master",
        "repo": "home-manager",
        "type": "github"
      }
    },
    "nixpkgs": {
      "locked": {
        "lastModified": 1685168767,
        "narHash": "sha256-wQgnxz0PdqbyKKpsWl/RU8T8QhJQcHfeC6lh1xRUTfk=",
        "owner": "NixOS",
        "repo": "nixpkgs",
        "rev": "e10802309bf9ae351eb27002c85cfdeb1be3b262",
        "type": "github"
      },
      "original": {
        "id": "nixpkgs",
        "ref": "nixos-unstable",
        "type": "indirect"
      }
    },
    "root": {
      "inputs": {
        "home-manager": "home-manager",
        "nixpkgs": "nixpkgs"
      }
    }
  },
  "root": "root",
  "version": 7
}
