{
  "nodes": {
    "disko": {
      "inputs": {
        "nixpkgs": [
          "nixpkgs"
        ]
      },
      "locked": {
        "lastModified": 1727249977,
        "narHash": "sha256-lAqOCDI4B6hA+t+KHSm/Go8hQF/Ob5sgXaIRtMAnMKw=",
        "owner": "nix-community",
        "repo": "disko",
        "rev": "c1c472f4cd91e4b0703e02810a8c7ed30186b6fa",
        "type": "github"
      },
      "original": {
        "owner": "nix-community",
        "repo": "disko",
        "type": "github"
      }
    },
    "nixos-facter-modules": {
      "locked": {
        "lastModified": 1727256239,
        "narHash": "sha256-NXEaQg0AsGm7Vl/LxzTVG0BmMV7AedXhX5Vw/794RPk=",
        "owner": "numtide",
        "repo": "nixos-facter-modules",
        "rev": "33534a3b974291bba5b46abc62ae259809859859",
        "type": "github"
      },
      "original": {
        "owner": "numtide",
        "repo": "nixos-facter-modules",
        "type": "github"
      }
    },
    "nixpkgs": {
      "locked": {
        "lastModified": 1727089097,
        "narHash": "sha256-ZMHMThPsthhUREwDebXw7GX45bJnBCVbfnH1g5iuSPc=",
        "owner": "NixOS",
        "repo": "nixpkgs",
        "rev": "568bfef547c14ca438c56a0bece08b8bb2b71a9c",
        "type": "github"
      },
      "original": {
        "owner": "NixOS",
        "ref": "nixpkgs-unstable",
        "repo": "nixpkgs",
        "type": "github"
      }
    },
    "root": {
      "inputs": {
        "disko": "disko",
        "nixos-facter-modules": "nixos-facter-modules",
        "nixpkgs": "nixpkgs"
      }
    }
  },
  "root": "root",
  "version": 7
}
